
Microsoft Visual Studio Solution File, Format Version 12.00
# Visual Studio Version 17
VisualStudioVersion = 17.0.31903.59
MinimumVisualStudioVersion = 10.0.40219.1
Project("{FAE04EC0-301F-11D3-BF4B-00C04F79EFBC}") = "neatsplit", "neatsplit.csproj", "{FA209BB5-A309-4FA5-9C5D-DEEA242FFC97}"
EndProject
Project("{FAE04EC0-301F-11D3-BF4B-00C04F79EFBC}") = "NeatSplit.Tests", "NeatSplit.Tests\NeatSplit.Tests.csproj", "{47E92584-C7C9-4413-BC4C-E918D87F82D6}"
EndProject
Project("{FAE04EC0-301F-11D3-BF4B-00C04F79EFBC}") = "NeatSplit.Core", "NeatSplit.Core\NeatSplit.Core.csproj", "{A9C12A64-AC2D-41C4-8959-14D1DEE975BC}"
EndProject
Global
	GlobalSection(SolutionConfigurationPlatforms) = preSolution
		Debug|Any CPU = Debug|Any CPU
		Release|Any CPU = Release|Any CPU
	EndGlobalSection
	GlobalSection(SolutionProperties) = preSolution
		HideSolutionNode = FALSE
	EndGlobalSection
	GlobalSection(ProjectConfigurationPlatforms) = postSolution
		{FA209BB5-A309-4FA5-9C5D-DEEA242FFC97}.Debug|Any CPU.ActiveCfg = Debug|Any CPU
		{FA209BB5-A309-4FA5-9C5D-DEEA242FFC97}.Debug|Any CPU.Build.0 = Debug|Any CPU
		{FA209BB5-A309-4FA5-9C5D-DEEA242FFC97}.Release|Any CPU.ActiveCfg = Release|Any CPU
		{FA209BB5-A309-4FA5-9C5D-DEEA242FFC97}.Release|Any CPU.Build.0 = Release|Any CPU
		{47E92584-C7C9-4413-BC4C-E918D87F82D6}.Debug|Any CPU.ActiveCfg = Debug|Any CPU
		{47E92584-C7C9-4413-BC4C-E918D87F82D6}.Debug|Any CPU.Build.0 = Debug|Any CPU
		{47E92584-C7C9-4413-BC4C-E918D87F82D6}.Release|Any CPU.ActiveCfg = Release|Any CPU
		{47E92584-C7C9-4413-BC4C-E918D87F82D6}.Release|Any CPU.Build.0 = Release|Any CPU
		{A9C12A64-AC2D-41C4-8959-14D1DEE975BC}.Debug|Any CPU.ActiveCfg = Debug|Any CPU
		{A9C12A64-AC2D-41C4-8959-14D1DEE975BC}.Debug|Any CPU.Build.0 = Debug|Any CPU
		{A9C12A64-AC2D-41C4-8959-14D1DEE975BC}.Release|Any CPU.ActiveCfg = Release|Any CPU
		{A9C12A64-AC2D-41C4-8959-14D1DEE975BC}.Release|Any CPU.Build.0 = Release|Any CPU
	EndGlobalSection
EndGlobal
